
Microsoft Visual Studio Solution File, Format Version 12.00
# Visual Studio 14
VisualStudioVersion = 14.0.23107.0
MinimumVisualStudioVersion = 10.0.40219.1
Project("{FAE04EC0-301F-11D3-BF4B-00C04F79EFBC}") = "FinalesFunkeln", "FinalesFunkeln\FinalesFunkeln.csproj", "{4516F4A5-7594-402C-B0D8-2DD6F80EC8EA}"
EndProject
Project("{FAE04EC0-301F-11D3-BF4B-00C04F79EFBC}") = "CallLcds", "CallLcds\CallLcds.csproj", "{0C3209CE-C38B-44DF-AFBC-ADC81818F42A}"
EndProject
Global
	GlobalSection(SolutionConfigurationPlatforms) = preSolution
		AirDebug|Any CPU = AirDebug|Any CPU
		AirDebug|x86 = AirDebug|x86
		Debug|Any CPU = Debug|Any CPU
		Debug|x86 = Debug|x86
		LeagueClientDebug|Any CPU = LeagueClientDebug|Any CPU
		LeagueClientDebug|x86 = LeagueClientDebug|x86
		LeagueClientRelease|Any CPU = LeagueClientRelease|Any CPU
		LeagueClientRelease|x86 = LeagueClientRelease|x86
		Release|Any CPU = Release|Any CPU
		Release|x86 = Release|x86
	EndGlobalSection
	GlobalSection(ProjectConfigurationPlatforms) = postSolution
		{4516F4A5-7594-402C-B0D8-2DD6F80EC8EA}.AirDebug|Any CPU.ActiveCfg = AirDebug|Any CPU
		{4516F4A5-7594-402C-B0D8-2DD6F80EC8EA}.AirDebug|Any CPU.Build.0 = AirDebug|Any CPU
		{4516F4A5-7594-402C-B0D8-2DD6F80EC8EA}.AirDebug|x86.ActiveCfg = AirDebug|Any CPU
		{4516F4A5-7594-402C-B0D8-2DD6F80EC8EA}.AirDebug|x86.Build.0 = AirDebug|Any CPU
		{4516F4A5-7594-402C-B0D8-2DD6F80EC8EA}.Debug|Any CPU.ActiveCfg = Debug|Any CPU
		{4516F4A5-7594-402C-B0D8-2DD6F80EC8EA}.Debug|Any CPU.Build.0 = Debug|Any CPU
		{4516F4A5-7594-402C-B0D8-2DD6F80EC8EA}.Debug|x86.ActiveCfg = Debug|Any CPU
		{4516F4A5-7594-402C-B0D8-2DD6F80EC8EA}.Debug|x86.Build.0 = Debug|Any CPU
		{4516F4A5-7594-402C-B0D8-2DD6F80EC8EA}.LeagueClientDebug|Any CPU.ActiveCfg = LeagueClientDebug|Any CPU
		{4516F4A5-7594-402C-B0D8-2DD6F80EC8EA}.LeagueClientDebug|Any CPU.Build.0 = LeagueClientDebug|Any CPU
		{4516F4A5-7594-402C-B0D8-2DD6F80EC8EA}.LeagueClientDebug|x86.ActiveCfg = LeagueClientDebug|Any CPU
		{4516F4A5-7594-402C-B0D8-2DD6F80EC8EA}.LeagueClientDebug|x86.Build.0 = LeagueClientDebug|Any CPU
		{4516F4A5-7594-402C-B0D8-2DD6F80EC8EA}.LeagueClientRelease|Any CPU.ActiveCfg = LeagueClientRelease|Any CPU
		{4516F4A5-7594-402C-B0D8-2DD6F80EC8EA}.LeagueClientRelease|Any CPU.Build.0 = LeagueClientRelease|Any CPU
		{4516F4A5-7594-402C-B0D8-2DD6F80EC8EA}.LeagueClientRelease|x86.ActiveCfg = LeagueClientRelease|Any CPU
		{4516F4A5-7594-402C-B0D8-2DD6F80EC8EA}.LeagueClientRelease|x86.Build.0 = LeagueClientRelease|Any CPU
		{4516F4A5-7594-402C-B0D8-2DD6F80EC8EA}.Release|Any CPU.ActiveCfg = Release|Any CPU
		{4516F4A5-7594-402C-B0D8-2DD6F80EC8EA}.Release|Any CPU.Build.0 = Release|Any CPU
		{4516F4A5-7594-402C-B0D8-2DD6F80EC8EA}.Release|x86.ActiveCfg = Release|Any CPU
		{4516F4A5-7594-402C-B0D8-2DD6F80EC8EA}.Release|x86.Build.0 = Release|Any CPU
		{0C3209CE-C38B-44DF-AFBC-ADC81818F42A}.AirDebug|Any CPU.ActiveCfg = AirDebug|Any CPU
		{0C3209CE-C38B-44DF-AFBC-ADC81818F42A}.AirDebug|Any CPU.Build.0 = AirDebug|Any CPU
		{0C3209CE-C38B-44DF-AFBC-ADC81818F42A}.AirDebug|x86.ActiveCfg = AirDebug|Any CPU
		{0C3209CE-C38B-44DF-AFBC-ADC81818F42A}.AirDebug|x86.Build.0 = AirDebug|Any CPU
		{0C3209CE-C38B-44DF-AFBC-ADC81818F42A}.Debug|Any CPU.ActiveCfg = Debug|Any CPU
		{0C3209CE-C38B-44DF-AFBC-ADC81818F42A}.Debug|Any CPU.Build.0 = Debug|Any CPU
		{0C3209CE-C38B-44DF-AFBC-ADC81818F42A}.Debug|x86.ActiveCfg = Debug|Any CPU
		{0C3209CE-C38B-44DF-AFBC-ADC81818F42A}.Debug|x86.Build.0 = Debug|Any CPU
		{0C3209CE-C38B-44DF-AFBC-ADC81818F42A}.LeagueClientDebug|Any CPU.ActiveCfg = LeagueClientDebug|Any CPU
		{0C3209CE-C38B-44DF-AFBC-ADC81818F42A}.LeagueClientDebug|Any CPU.Build.0 = LeagueClientDebug|Any CPU
		{0C3209CE-C38B-44DF-AFBC-ADC81818F42A}.LeagueClientDebug|x86.ActiveCfg = LeagueClientDebug|Any CPU
		{0C3209CE-C38B-44DF-AFBC-ADC81818F42A}.LeagueClientDebug|x86.Build.0 = LeagueClientDebug|Any CPU
		{0C3209CE-C38B-44DF-AFBC-ADC81818F42A}.LeagueClientRelease|Any CPU.ActiveCfg = LeagueClientRelease|Any CPU
		{0C3209CE-C38B-44DF-AFBC-ADC81818F42A}.LeagueClientRelease|Any CPU.Build.0 = LeagueClientRelease|Any CPU
		{0C3209CE-C38B-44DF-AFBC-ADC81818F42A}.LeagueClientRelease|x86.ActiveCfg = LeagueClientRelease|Any CPU
		{0C3209CE-C38B-44DF-AFBC-ADC81818F42A}.LeagueClientRelease|x86.Build.0 = LeagueClientRelease|Any CPU
		{0C3209CE-C38B-44DF-AFBC-ADC81818F42A}.Release|Any CPU.ActiveCfg = Release|Any CPU
		{0C3209CE-C38B-44DF-AFBC-ADC81818F42A}.Release|Any CPU.Build.0 = Release|Any CPU
		{0C3209CE-C38B-44DF-AFBC-ADC81818F42A}.Release|x86.ActiveCfg = Release|Any CPU
		{0C3209CE-C38B-44DF-AFBC-ADC81818F42A}.Release|x86.Build.0 = Release|Any CPU
	EndGlobalSection
	GlobalSection(SolutionProperties) = preSolution
		HideSolutionNode = FALSE
	EndGlobalSection
EndGlobal
